
Microsoft Visual Studio Solution File, Format Version 12.00
# Visual Studio Version 17
VisualStudioVersion = 17.5.002.0
MinimumVisualStudioVersion = 10.0.40219.1
Project("{9A19103F-16F7-4668-BE54-9A1E7A4F7556}") = "backend", "backend.csproj", "{7B6695FD-E16A-4832-A66F-6B3265D84E3A}"
EndProject
Global
	GlobalSection(SolutionConfigurationPlatforms) = preSolution
		Debug|Any CPU = Debug|Any CPU
		Release|Any CPU = Release|Any CPU
	EndGlobalSection
	GlobalSection(ProjectConfigurationPlatforms) = postSolution
		{7B6695FD-E16A-4832-A66F-6B3265D84E3A}.Debug|Any CPU.ActiveCfg = Debug|Any CPU
		{7B6695FD-E16A-4832-A66F-6B3265D84E3A}.Debug|Any CPU.Build.0 = Debug|Any CPU
		{7B6695FD-E16A-4832-A66F-6B3265D84E3A}.Release|Any CPU.ActiveCfg = Release|Any CPU
		{7B6695FD-E16A-4832-A66F-6B3265D84E3A}.Release|Any CPU.Build.0 = Release|Any CPU
	EndGlobalSection
	GlobalSection(SolutionProperties) = preSolution
		HideSolutionNode = FALSE
	EndGlobalSection
	GlobalSection(ExtensibilityGlobals) = postSolution
		SolutionGuid = {F90FD1A5-EAE4-4EBE-9D96-E2AF9F827E6E}
	EndGlobalSection
EndGlobal
